
Microsoft Visual Studio Solution File, Format Version 12.00
# Visual Studio Version 16
VisualStudioVersion = 16.0.29613.14
MinimumVisualStudioVersion = 10.0.40219.1
Project("{9A19103F-16F7-4668-BE54-9A1E7A4F7556}") = "CoffeeMug.Api", "CoffeeMug\CoffeeMug.Api.csproj", "{28E61739-A0D9-410E-98B3-D95FE0CC1CBC}"
EndProject
Project("{9A19103F-16F7-4668-BE54-9A1E7A4F7556}") = "CoffeeMug.Core", "CoffeeMug.Core\CoffeeMug.Core.csproj", "{A32597C7-8C02-46B3-8A0E-5A2C668EDD0D}"
EndProject
Project("{FAE04EC0-301F-11D3-BF4B-00C04F79EFBC}") = "CofeeMug.Infrastructure", "CofeeMug.Infrastructure\CofeeMug.Infrastructure.csproj", "{1E98AE44-D8E7-45ED-B762-E2815ABF9BD3}"
EndProject
Global
	GlobalSection(SolutionConfigurationPlatforms) = preSolution
		Debug|Any CPU = Debug|Any CPU
		Release|Any CPU = Release|Any CPU
	EndGlobalSection
	GlobalSection(ProjectConfigurationPlatforms) = postSolution
		{28E61739-A0D9-410E-98B3-D95FE0CC1CBC}.Debug|Any CPU.ActiveCfg = Debug|Any CPU
		{28E61739-A0D9-410E-98B3-D95FE0CC1CBC}.Debug|Any CPU.Build.0 = Debug|Any CPU
		{28E61739-A0D9-410E-98B3-D95FE0CC1CBC}.Release|Any CPU.ActiveCfg = Release|Any CPU
		{28E61739-A0D9-410E-98B3-D95FE0CC1CBC}.Release|Any CPU.Build.0 = Release|Any CPU
		{A32597C7-8C02-46B3-8A0E-5A2C668EDD0D}.Debug|Any CPU.ActiveCfg = Debug|Any CPU
		{A32597C7-8C02-46B3-8A0E-5A2C668EDD0D}.Debug|Any CPU.Build.0 = Debug|Any CPU
		{A32597C7-8C02-46B3-8A0E-5A2C668EDD0D}.Release|Any CPU.ActiveCfg = Release|Any CPU
		{A32597C7-8C02-46B3-8A0E-5A2C668EDD0D}.Release|Any CPU.Build.0 = Release|Any CPU
		{1E98AE44-D8E7-45ED-B762-E2815ABF9BD3}.Debug|Any CPU.ActiveCfg = Debug|Any CPU
		{1E98AE44-D8E7-45ED-B762-E2815ABF9BD3}.Debug|Any CPU.Build.0 = Debug|Any CPU
		{1E98AE44-D8E7-45ED-B762-E2815ABF9BD3}.Release|Any CPU.ActiveCfg = Release|Any CPU
		{1E98AE44-D8E7-45ED-B762-E2815ABF9BD3}.Release|Any CPU.Build.0 = Release|Any CPU
	EndGlobalSection
	GlobalSection(SolutionProperties) = preSolution
		HideSolutionNode = FALSE
	EndGlobalSection
	GlobalSection(ExtensibilityGlobals) = postSolution
		SolutionGuid = {448D4679-10CE-4D0B-83B3-5BE950FBE6A7}
	EndGlobalSection
EndGlobal
